dependencies:
- alias: ""
  condition: ""
  enabled: false
  import-values: null
  name: postgresql
  repository: https://kubernetes-charts.storage.googleapis.com/
  tags: null
  version: 0.8.7
digest: sha256:2f173b37796bb7a2afc12d9460b4ab9e99dea9846e86dd5141f6554ef44998a4
generated: 2018-01-30T14:50:05.119987747-05:00
